
Microsoft Visual Studio Solution File, Format Version 11.00
# Visual Studio 2010
Project("{8BC9CEB8-8B4A-11D0-8D11-00A0C91BC942}") = "PlethoraQuoting", "PlethoraQuoting.vcxproj", "{6773160D-DC86-4856-8C98-4B25E7E71A42}"
EndProject
Global
	GlobalSection(SolutionConfigurationPlatforms) = preSolution
		Debug|Win32 = Debug|Win32
		Release|Win32 = Release|Win32
	EndGlobalSection
	GlobalSection(ProjectConfigurationPlatforms) = postSolution
		{6773160D-DC86-4856-8C98-4B25E7E71A42}.Debug|Win32.ActiveCfg = Debug|Win32
		{6773160D-DC86-4856-8C98-4B25E7E71A42}.Debug|Win32.Build.0 = Debug|Win32
		{6773160D-DC86-4856-8C98-4B25E7E71A42}.Release|Win32.ActiveCfg = Release|Win32
		{6773160D-DC86-4856-8C98-4B25E7E71A42}.Release|Win32.Build.0 = Release|Win32
	EndGlobalSection
	GlobalSection(SolutionProperties) = preSolution
		HideSolutionNode = FALSE
	EndGlobalSection
EndGlobal
